{
  "name": "sat",
  "version": "1.0.0",
  "lockfileVersion": 1,
  "requires": true,
  "dependencies": {
    "logic-solver": {
      "version": "2.0.1",
      "resolved": "https://registry.npmjs.org/logic-solver/-/logic-solver-2.0.1.tgz",
      "integrity": "sha1-6fpHAC612M2nYW1BY5uXVS62dL4=",
      "requires": {
        "underscore": "^1.7.0"
      }
    },
    "underscore": {
      "version": "1.9.1",
      "resolved": "https://registry.npmjs.org/underscore/-/underscore-1.9.1.tgz",
      "integrity": "sha512-5/4etnCkd9c8gwgowi5/om/mYO5ajCaOgdzj/oW+0eQV9WxKBDZw5+ycmKmeaTXjInS/W0BzpGLo2xR2aBwZdg=="
    }
  }
}
