// !$*UTF8*$!
{
	archiveVersion = 1;
	classes = {
	};
	objectVersion = 46;
	objects = {

/* Begin PBXBuildFile section */
		000B425017441562002F1EBD /* gened.cpp in Sources */ = {isa = PBXBuildFile; fileRef = 000B424E17441562002F1EBD /* gened.cpp */; };
		00707B2C17431DEA000F5AF9 /* test-data.cpp in Sources */ = {isa = PBXBuildFile; fileRef = 00707B1517431D4F000F5AF9 /* test-data.cpp */; settings = {COMPILER_FLAGS = "-Weverything -Wshadow -Wno-header-hygiene -Wno-c++11-extensions -Wno-padded -Wno-global-constructors -Wno-exit-time-destructors -Wno-missing-prototypes -Wno-unused-parameter -Wno-sign-conversion -Wno-sign-compare"; }; };
		00707B3A174321C2000F5AF9 /* concentration.cpp in Sources */ = {isa = PBXBuildFile; fileRef = 00707B32174321C2000F5AF9 /* concentration.cpp */; settings = {COMPILER_FLAGS = "-Weverything -Wshadow -Wno-header-hygiene -Wno-c++11-extensions -Wno-padded -Wno-global-constructors -Wno-exit-time-destructors -Wno-missing-prototypes -Wno-unused-parameter -Wno-sign-conversion -Wno-sign-compare"; }; };
		00707B3B174321C2000F5AF9 /* course.cpp in Sources */ = {isa = PBXBuildFile; fileRef = 00707B34174321C2000F5AF9 /* course.cpp */; settings = {COMPILER_FLAGS = "-Weverything -Wshadow -Wno-header-hygiene -Wno-c++11-extensions -Wno-padded -Wno-global-constructors -Wno-exit-time-destructors -Wno-missing-prototypes -Wno-unused-parameter -Wno-sign-conversion -Wno-sign-compare"; }; };
		00707B3C174321C2000F5AF9 /* department.cpp in Sources */ = {isa = PBXBuildFile; fileRef = 00707B36174321C2000F5AF9 /* department.cpp */; settings = {COMPILER_FLAGS = "-Weverything -Wshadow -Wno-header-hygiene -Wno-c++11-extensions -Wno-padded -Wno-global-constructors -Wno-exit-time-destructors -Wno-missing-prototypes -Wno-unused-parameter -Wno-sign-conversion -Wno-sign-compare"; }; };
		00707B3D174321C2000F5AF9 /* general.cpp in Sources */ = {isa = PBXBuildFile; fileRef = 00707B38174321C2000F5AF9 /* general.cpp */; settings = {COMPILER_FLAGS = "-Weverything -Wshadow -Wno-header-hygiene -Wno-c++11-extensions -Wno-padded -Wno-global-constructors -Wno-exit-time-destructors -Wno-missing-prototypes -Wno-unused-parameter -Wno-sign-conversion -Wno-sign-compare"; }; };
		00707B48174321D1000F5AF9 /* id.cpp in Sources */ = {isa = PBXBuildFile; fileRef = 00707B3E174321D1000F5AF9 /* id.cpp */; settings = {COMPILER_FLAGS = "-Weverything -Wshadow -Wno-header-hygiene -Wno-c++11-extensions -Wno-padded -Wno-global-constructors -Wno-exit-time-destructors -Wno-missing-prototypes -Wno-unused-parameter -Wno-sign-conversion -Wno-sign-compare"; }; };
		00707B49174321D1000F5AF9 /* major.cpp in Sources */ = {isa = PBXBuildFile; fileRef = 00707B40174321D1000F5AF9 /* major.cpp */; settings = {COMPILER_FLAGS = "-Weverything -Wshadow -Wno-header-hygiene -Wno-c++11-extensions -Wno-padded -Wno-global-constructors -Wno-exit-time-destructors -Wno-missing-prototypes -Wno-unused-parameter -Wno-sign-conversion -Wno-sign-compare"; }; };
		00707B4A174321D1000F5AF9 /* majorRequirement.cpp in Sources */ = {isa = PBXBuildFile; fileRef = 00707B42174321D1000F5AF9 /* majorRequirement.cpp */; settings = {COMPILER_FLAGS = "-Weverything -Wshadow -Wno-header-hygiene -Wno-c++11-extensions -Wno-padded -Wno-global-constructors -Wno-exit-time-destructors -Wno-missing-prototypes -Wno-unused-parameter -Wno-sign-conversion -Wno-sign-compare"; }; };
		00707B4B174321D1000F5AF9 /* specialRequirement.cpp in Sources */ = {isa = PBXBuildFile; fileRef = 00707B44174321D1000F5AF9 /* specialRequirement.cpp */; settings = {COMPILER_FLAGS = "-Weverything -Wshadow -Wno-header-hygiene -Wno-c++11-extensions -Wno-padded -Wno-global-constructors -Wno-exit-time-destructors -Wno-missing-prototypes -Wno-unused-parameter -Wno-sign-conversion -Wno-sign-compare"; }; };
		00707B4C174321D1000F5AF9 /* student.cpp in Sources */ = {isa = PBXBuildFile; fileRef = 00707B46174321D1000F5AF9 /* student.cpp */; settings = {COMPILER_FLAGS = "-Weverything -Wshadow -Wno-header-hygiene -Wno-c++11-extensions -Wno-padded -Wno-global-constructors -Wno-exit-time-destructors -Wno-missing-prototypes -Wno-unused-parameter -Wno-sign-conversion -Wno-sign-compare"; }; };
		00707B4F174323C8000F5AF9 /* requirement.cpp in Sources */ = {isa = PBXBuildFile; fileRef = 00707B4D174323C1000F5AF9 /* requirement.cpp */; settings = {COMPILER_FLAGS = "-Weverything -Wshadow -Wno-header-hygiene -Wno-c++11-extensions -Wno-padded -Wno-global-constructors -Wno-exit-time-destructors -Wno-missing-prototypes -Wno-unused-parameter -Wno-sign-conversion -Wno-sign-compare"; }; };
/* End PBXBuildFile section */

/* Begin PBXCopyFilesBuildPhase section */
		00707B1817431D5A000F5AF9 /* CopyFiles */ = {
			isa = PBXCopyFilesBuildPhase;
			buildActionMask = 2147483647;
			dstPath = /usr/share/man/man1/;
			dstSubfolderSpec = 0;
			files = (
			);
			runOnlyForDeploymentPostprocessing = 1;
		};
/* End PBXCopyFilesBuildPhase section */

/* Begin PBXFileReference section */
		000B424E17441562002F1EBD /* gened.cpp */ = {isa = PBXFileReference; fileEncoding = 4; lastKnownFileType = sourcecode.cpp.cpp; path = gened.cpp; sourceTree = "<group>"; };
		000B424F17441562002F1EBD /* gened.hpp */ = {isa = PBXFileReference; fileEncoding = 4; lastKnownFileType = sourcecode.cpp.h; path = gened.hpp; sourceTree = "<group>"; };
		000B4251174482D2002F1EBD /* 2010-11-interim.csv */ = {isa = PBXFileReference; fileEncoding = 4; lastKnownFileType = text; path = "2010-11-interim.csv"; sourceTree = "<group>"; };
		000B4252174482D2002F1EBD /* 2010-11-s1.csv */ = {isa = PBXFileReference; fileEncoding = 4; lastKnownFileType = text; path = "2010-11-s1.csv"; sourceTree = "<group>"; };
		000B4253174482D2002F1EBD /* 2010-11-s2.csv */ = {isa = PBXFileReference; fileEncoding = 4; lastKnownFileType = text; path = "2010-11-s2.csv"; sourceTree = "<group>"; };
		000B4254174482D2002F1EBD /* 2012-13-interim.csv */ = {isa = PBXFileReference; fileEncoding = 4; lastKnownFileType = text; path = "2012-13-interim.csv"; sourceTree = "<group>"; };
		000B4255174482D2002F1EBD /* 2012-13-s1.csv */ = {isa = PBXFileReference; fileEncoding = 4; lastKnownFileType = text; path = "2012-13-s1.csv"; sourceTree = "<group>"; };
		000B4256174482D2002F1EBD /* 2012-13-s2.csv */ = {isa = PBXFileReference; fileEncoding = 4; lastKnownFileType = text; path = "2012-13-s2.csv"; sourceTree = "<group>"; };
		000B4257174482D2002F1EBD /* best.txt */ = {isa = PBXFileReference; fileEncoding = 4; lastKnownFileType = text; path = best.txt; sourceTree = "<group>"; };
		002B9E191743763400033628 /* ARMS.txt */ = {isa = PBXFileReference; fileEncoding = 4; lastKnownFileType = text; path = ARMS.txt; sourceTree = "<group>"; };
		002B9E1A1743763400033628 /* CLASS.txt */ = {isa = PBXFileReference; fileEncoding = 4; lastKnownFileType = text; path = CLASS.txt; sourceTree = "<group>"; };
		002B9E1B1743763400033628 /* ECON.txt */ = {isa = PBXFileReference; fileEncoding = 4; lastKnownFileType = text; path = ECON.txt; sourceTree = "<group>"; };
		002B9E1C1743763400033628 /* FREN.txt */ = {isa = PBXFileReference; fileEncoding = 4; lastKnownFileType = text; path = FREN.txt; sourceTree = "<group>"; };
		002B9E1D1743763400033628 /* GERM.txt */ = {isa = PBXFileReference; fileEncoding = 4; lastKnownFileType = text; path = GERM.txt; sourceTree = "<group>"; };
		002B9E1E1743763400033628 /* NORW.txt */ = {isa = PBXFileReference; fileEncoding = 4; lastKnownFileType = text; path = NORW.txt; sourceTree = "<group>"; };
		002B9E1F1743763400033628 /* PHIL.txt */ = {isa = PBXFileReference; fileEncoding = 4; lastKnownFileType = text; path = PHIL.txt; sourceTree = "<group>"; };
		002B9E201743763400033628 /* PSCI.txt */ = {isa = PBXFileReference; fileEncoding = 4; lastKnownFileType = text; path = PSCI.txt; sourceTree = "<group>"; };
		002B9E211743763400033628 /* SPAN.txt */ = {isa = PBXFileReference; fileEncoding = 4; lastKnownFileType = text; path = SPAN.txt; sourceTree = "<group>"; };
		002B9E231743763E00033628 /* STAT.txt */ = {isa = PBXFileReference; fileEncoding = 4; lastKnownFileType = text; path = STAT.txt; sourceTree = "<group>"; };
		0031BD34174483E5001888F5 /* 2011-12-interim.csv */ = {isa = PBXFileReference; fileEncoding = 4; lastKnownFileType = text; path = "2011-12-interim.csv"; sourceTree = "<group>"; };
		0031BD35174483E5001888F5 /* 2011-12-s1.csv */ = {isa = PBXFileReference; fileEncoding = 4; lastKnownFileType = text; path = "2011-12-s1.csv"; sourceTree = "<group>"; };
		0031BD36174483E5001888F5 /* 2011-12-s2.csv */ = {isa = PBXFileReference; fileEncoding = 4; lastKnownFileType = text; path = "2011-12-s2.csv"; sourceTree = "<group>"; };
		00707AF917431D4F000F5AF9 /* b-r.txt */ = {isa = PBXFileReference; fileEncoding = 4; lastKnownFileType = text; path = "b-r.txt"; sourceTree = "<group>"; };
		00707AFA17431D4F000F5AF9 /* finn.txt */ = {isa = PBXFileReference; fileEncoding = 4; lastKnownFileType = text; path = finn.txt; sourceTree = "<group>"; };
		00707AFB17431D4F000F5AF9 /* glewwe.txt */ = {isa = PBXFileReference; fileEncoding = 4; lastKnownFileType = text; path = glewwe.txt; sourceTree = "<group>"; };
		00707AFC17431D4F000F5AF9 /* mclain.txt */ = {isa = PBXFileReference; fileEncoding = 4; lastKnownFileType = text; path = mclain.txt; sourceTree = "<group>"; };
		00707AFD17431D4F000F5AF9 /* nygren.txt */ = {isa = PBXFileReference; fileEncoding = 4; lastKnownFileType = text; path = nygren.txt; sourceTree = "<group>"; };
		00707AFE17431D4F000F5AF9 /* rowley.txt */ = {isa = PBXFileReference; fileEncoding = 4; lastKnownFileType = text; path = rowley.txt; sourceTree = "<group>"; };
		00707AFF17431D4F000F5AF9 /* user.txt */ = {isa = PBXFileReference; fileEncoding = 4; lastKnownFileType = text; path = user.txt; sourceTree = "<group>"; };
		00707B1317431D4F000F5AF9 /* math.txt */ = {isa = PBXFileReference; fileEncoding = 4; lastKnownFileType = text; path = math.txt; sourceTree = "<group>"; };
		00707B1417431D4F000F5AF9 /* Makefile */ = {isa = PBXFileReference; fileEncoding = 4; lastKnownFileType = sourcecode.make; path = Makefile; sourceTree = "<group>"; };
		00707B1517431D4F000F5AF9 /* test-data.cpp */ = {isa = PBXFileReference; fileEncoding = 4; lastKnownFileType = sourcecode.cpp.cpp; path = "test-data.cpp"; sourceTree = "<group>"; };
		00707B1A17431D5A000F5AF9 /* nomake */ = {isa = PBXFileReference; explicitFileType = "compiled.mach-o.executable"; includeInIndex = 0; path = nomake; sourceTree = BUILT_PRODUCTS_DIR; };
		00707B2F17432094000F5AF9 /* Bio.txt */ = {isa = PBXFileReference; fileEncoding = 4; lastKnownFileType = text; path = Bio.txt; sourceTree = "<group>"; };
		00707B32174321C2000F5AF9 /* concentration.cpp */ = {isa = PBXFileReference; fileEncoding = 4; lastKnownFileType = sourcecode.cpp.cpp; path = concentration.cpp; sourceTree = "<group>"; };
		00707B33174321C2000F5AF9 /* concentration.hpp */ = {isa = PBXFileReference; fileEncoding = 4; lastKnownFileType = sourcecode.cpp.h; path = concentration.hpp; sourceTree = "<group>"; };
		00707B34174321C2000F5AF9 /* course.cpp */ = {isa = PBXFileReference; fileEncoding = 4; lastKnownFileType = sourcecode.cpp.cpp; path = course.cpp; sourceTree = "<group>"; };
		00707B35174321C2000F5AF9 /* course.hpp */ = {isa = PBXFileReference; fileEncoding = 4; lastKnownFileType = sourcecode.cpp.h; path = course.hpp; sourceTree = "<group>"; };
		00707B36174321C2000F5AF9 /* department.cpp */ = {isa = PBXFileReference; fileEncoding = 4; lastKnownFileType = sourcecode.cpp.cpp; path = department.cpp; sourceTree = "<group>"; };
		00707B37174321C2000F5AF9 /* department.hpp */ = {isa = PBXFileReference; fileEncoding = 4; lastKnownFileType = sourcecode.cpp.h; path = department.hpp; sourceTree = "<group>"; };
		00707B38174321C2000F5AF9 /* general.cpp */ = {isa = PBXFileReference; fileEncoding = 4; lastKnownFileType = sourcecode.cpp.cpp; path = general.cpp; sourceTree = "<group>"; };
		00707B39174321C2000F5AF9 /* general.hpp */ = {isa = PBXFileReference; fileEncoding = 4; lastKnownFileType = sourcecode.cpp.h; path = general.hpp; sourceTree = "<group>"; };
		00707B3E174321D1000F5AF9 /* id.cpp */ = {isa = PBXFileReference; fileEncoding = 4; lastKnownFileType = sourcecode.cpp.cpp; path = id.cpp; sourceTree = "<group>"; };
		00707B3F174321D1000F5AF9 /* id.hpp */ = {isa = PBXFileReference; fileEncoding = 4; lastKnownFileType = sourcecode.cpp.h; path = id.hpp; sourceTree = "<group>"; };
		00707B40174321D1000F5AF9 /* major.cpp */ = {isa = PBXFileReference; fileEncoding = 4; lastKnownFileType = sourcecode.cpp.cpp; path = major.cpp; sourceTree = "<group>"; };
		00707B41174321D1000F5AF9 /* major.hpp */ = {isa = PBXFileReference; fileEncoding = 4; lastKnownFileType = sourcecode.cpp.h; path = major.hpp; sourceTree = "<group>"; };
		00707B42174321D1000F5AF9 /* majorRequirement.cpp */ = {isa = PBXFileReference; fileEncoding = 4; lastKnownFileType = sourcecode.cpp.cpp; path = majorRequirement.cpp; sourceTree = "<group>"; };
		00707B43174321D1000F5AF9 /* majorRequirement.hpp */ = {isa = PBXFileReference; fileEncoding = 4; lastKnownFileType = sourcecode.cpp.h; path = majorRequirement.hpp; sourceTree = "<group>"; };
		00707B44174321D1000F5AF9 /* specialRequirement.cpp */ = {isa = PBXFileReference; fileEncoding = 4; lastKnownFileType = sourcecode.cpp.cpp; path = specialRequirement.cpp; sourceTree = "<group>"; };
		00707B45174321D1000F5AF9 /* specialRequirement.hpp */ = {isa = PBXFileReference; fileEncoding = 4; lastKnownFileType = sourcecode.cpp.h; path = specialRequirement.hpp; sourceTree = "<group>"; };
		00707B46174321D1000F5AF9 /* student.cpp */ = {isa = PBXFileReference; fileEncoding = 4; lastKnownFileType = sourcecode.cpp.cpp; path = student.cpp; sourceTree = "<group>"; };
		00707B47174321D1000F5AF9 /* student.hpp */ = {isa = PBXFileReference; fileEncoding = 4; lastKnownFileType = sourcecode.cpp.h; path = student.hpp; sourceTree = "<group>"; };
		00707B4D174323C1000F5AF9 /* requirement.cpp */ = {isa = PBXFileReference; fileEncoding = 4; lastKnownFileType = sourcecode.cpp.cpp; path = requirement.cpp; sourceTree = "<group>"; };
		00707B4E174323C1000F5AF9 /* requirement.hpp */ = {isa = PBXFileReference; fileEncoding = 4; lastKnownFileType = sourcecode.cpp.h; path = requirement.hpp; sourceTree = "<group>"; };
		00707B5017434002000F5AF9 /* ASIAN.txt */ = {isa = PBXFileReference; fileEncoding = 4; lastKnownFileType = text; path = ASIAN.txt; sourceTree = "<group>"; };
		00707B5117434002000F5AF9 /* CHEM.txt */ = {isa = PBXFileReference; fileEncoding = 4; lastKnownFileType = text; path = CHEM.txt; sourceTree = "<group>"; };
		00707B5217434002000F5AF9 /* CSCI.txt */ = {isa = PBXFileReference; fileEncoding = 4; lastKnownFileType = text; path = CSCI.txt; sourceTree = "<group>"; };
		00707B5317434002000F5AF9 /* PHYS.txt */ = {isa = PBXFileReference; fileEncoding = 4; lastKnownFileType = text; path = PHYS.txt; sourceTree = "<group>"; };
		00707B5417434002000F5AF9 /* PSYCH.txt */ = {isa = PBXFileReference; fileEncoding = 4; lastKnownFileType = text; path = PSYCH.txt; sourceTree = "<group>"; };
/* End PBXFileReference section */

/* Begin PBXFrameworksBuildPhase section */
		00707B1717431D5A000F5AF9 /* Frameworks */ = {
			isa = PBXFrameworksBuildPhase;
			buildActionMask = 2147483647;
			files = (
			);
			runOnlyForDeploymentPostprocessing = 0;
		};
/* End PBXFrameworksBuildPhase section */

/* Begin PBXGroup section */
		002B9E221743763E00033628 /* concentrations */ = {
			isa = PBXGroup;
			children = (
				002B9E231743763E00033628 /* STAT.txt */,
			);
			path = concentrations;
			sourceTree = "<group>";
		};
		002F5D6817431CDE00A4D0A0 = {
			isa = PBXGroup;
			children = (
				000B424E17441562002F1EBD /* gened.cpp */,
				000B424F17441562002F1EBD /* gened.hpp */,
				002B9E221743763E00033628 /* concentrations */,
				00707B32174321C2000F5AF9 /* concentration.cpp */,
				00707B33174321C2000F5AF9 /* concentration.hpp */,
				00707B34174321C2000F5AF9 /* course.cpp */,
				00707B35174321C2000F5AF9 /* course.hpp */,
				00707B36174321C2000F5AF9 /* department.cpp */,
				00707B37174321C2000F5AF9 /* department.hpp */,
				00707B38174321C2000F5AF9 /* general.cpp */,
				00707B39174321C2000F5AF9 /* general.hpp */,
				00707B3E174321D1000F5AF9 /* id.cpp */,
				00707B3F174321D1000F5AF9 /* id.hpp */,
				00707B40174321D1000F5AF9 /* major.cpp */,
				00707B41174321D1000F5AF9 /* major.hpp */,
				00707B42174321D1000F5AF9 /* majorRequirement.cpp */,
				00707B43174321D1000F5AF9 /* majorRequirement.hpp */,
				00707B44174321D1000F5AF9 /* specialRequirement.cpp */,
				00707B45174321D1000F5AF9 /* specialRequirement.hpp */,
				00707B4D174323C1000F5AF9 /* requirement.cpp */,
				00707B4E174323C1000F5AF9 /* requirement.hpp */,
				00707B46174321D1000F5AF9 /* student.cpp */,
				00707B47174321D1000F5AF9 /* student.hpp */,
				00707AF717431D4F000F5AF9 /* data */,
				00707B1217431D4F000F5AF9 /* majors */,
				00707B1417431D4F000F5AF9 /* Makefile */,
				00707B1517431D4F000F5AF9 /* test-data.cpp */,
				00707B1B17431D5A000F5AF9 /* Products */,
			);
			sourceTree = "<group>";
		};
		00707AF717431D4F000F5AF9 /* data */ = {
			isa = PBXGroup;
			children = (
				0031BD34174483E5001888F5 /* 2011-12-interim.csv */,
				0031BD35174483E5001888F5 /* 2011-12-s1.csv */,
				0031BD36174483E5001888F5 /* 2011-12-s2.csv */,
				000B4251174482D2002F1EBD /* 2010-11-interim.csv */,
				000B4252174482D2002F1EBD /* 2010-11-s1.csv */,
				000B4253174482D2002F1EBD /* 2010-11-s2.csv */,
				000B4254174482D2002F1EBD /* 2012-13-interim.csv */,
				000B4255174482D2002F1EBD /* 2012-13-s1.csv */,
				000B4256174482D2002F1EBD /* 2012-13-s2.csv */,
				000B4257174482D2002F1EBD /* best.txt */,
				00707AF917431D4F000F5AF9 /* b-r.txt */,
				00707AFA17431D4F000F5AF9 /* finn.txt */,
				00707AFB17431D4F000F5AF9 /* glewwe.txt */,
				00707AFC17431D4F000F5AF9 /* mclain.txt */,
				00707AFD17431D4F000F5AF9 /* nygren.txt */,
				00707AFE17431D4F000F5AF9 /* rowley.txt */,
				00707AFF17431D4F000F5AF9 /* user.txt */,
			);
			path = data;
			sourceTree = "<group>";
		};
		00707B1217431D4F000F5AF9 /* majors */ = {
			isa = PBXGroup;
			children = (
				002B9E191743763400033628 /* ARMS.txt */,
				002B9E1A1743763400033628 /* CLASS.txt */,
				002B9E1B1743763400033628 /* ECON.txt */,
				002B9E1C1743763400033628 /* FREN.txt */,
				002B9E1D1743763400033628 /* GERM.txt */,
				002B9E1E1743763400033628 /* NORW.txt */,
				002B9E1F1743763400033628 /* PHIL.txt */,
				002B9E201743763400033628 /* PSCI.txt */,
				002B9E211743763400033628 /* SPAN.txt */,
				00707B5017434002000F5AF9 /* ASIAN.txt */,
				00707B5117434002000F5AF9 /* CHEM.txt */,
				00707B5217434002000F5AF9 /* CSCI.txt */,
				00707B5317434002000F5AF9 /* PHYS.txt */,
				00707B5417434002000F5AF9 /* PSYCH.txt */,
				00707B2F17432094000F5AF9 /* Bio.txt */,
				00707B1317431D4F000F5AF9 /* math.txt */,
			);
			path = majors;
			sourceTree = "<group>";
		};
		00707B1B17431D5A000F5AF9 /* Products */ = {
			isa = PBXGroup;
			children = (
				00707B1A17431D5A000F5AF9 /* nomake */,
			);
			name = Products;
			sourceTree = "<group>";
		};
/* End PBXGroup section */

/* Begin PBXLegacyTarget section */
		002F5D6D17431CDE00A4D0A0 /* gobbldygook */ = {
			isa = PBXLegacyTarget;
			buildArgumentsString = "$(ACTION)";
			buildConfigurationList = 002F5D7017431CDE00A4D0A0 /* Build configuration list for PBXLegacyTarget "gobbldygook" */;
			buildPhases = (
			);
			buildToolPath = /usr/bin/make;
			dependencies = (
			);
			name = gobbldygook;
			passBuildSettingsInEnvironment = 1;
			productName = gobbldygook;
		};
/* End PBXLegacyTarget section */

/* Begin PBXNativeTarget section */
		00707B1917431D5A000F5AF9 /* nomake */ = {
			isa = PBXNativeTarget;
			buildConfigurationList = 00707B2117431D5A000F5AF9 /* Build configuration list for PBXNativeTarget "nomake" */;
			buildPhases = (
				00707B1617431D5A000F5AF9 /* Sources */,
				00707B1717431D5A000F5AF9 /* Frameworks */,
				00707B1817431D5A000F5AF9 /* CopyFiles */,
			);
			buildRules = (
			);
			dependencies = (
			);
			name = nomake;
			productName = nomake;
			productReference = 00707B1A17431D5A000F5AF9 /* nomake */;
			productType = "com.apple.product-type.tool";
		};
/* End PBXNativeTarget section */

/* Begin PBXProject section */
		002F5D6917431CDE00A4D0A0 /* Project object */ = {
			isa = PBXProject;
			attributes = {
				LastUpgradeCheck = 0460;
				ORGANIZATIONNAME = "Hawken Rives";
			};
			buildConfigurationList = 002F5D6C17431CDE00A4D0A0 /* Build configuration list for PBXProject "gobbldygook" */;
			compatibilityVersion = "Xcode 3.2";
			developmentRegion = English;
			hasScannedForEncodings = 0;
			knownRegions = (
				en,
			);
			mainGroup = 002F5D6817431CDE00A4D0A0;
			productRefGroup = 00707B1B17431D5A000F5AF9 /* Products */;
			projectDirPath = "";
			projectRoot = "";
			targets = (
				002F5D6D17431CDE00A4D0A0 /* gobbldygook */,
				00707B1917431D5A000F5AF9 /* nomake */,
			);
		};
/* End PBXProject section */

/* Begin PBXSourcesBuildPhase section */
		00707B1617431D5A000F5AF9 /* Sources */ = {
			isa = PBXSourcesBuildPhase;
			buildActionMask = 2147483647;
			files = (
				00707B2C17431DEA000F5AF9 /* test-data.cpp in Sources */,
				00707B3A174321C2000F5AF9 /* concentration.cpp in Sources */,
				00707B3B174321C2000F5AF9 /* course.cpp in Sources */,
				00707B3C174321C2000F5AF9 /* department.cpp in Sources */,
				00707B3D174321C2000F5AF9 /* general.cpp in Sources */,
				00707B48174321D1000F5AF9 /* id.cpp in Sources */,
				00707B49174321D1000F5AF9 /* major.cpp in Sources */,
				00707B4A174321D1000F5AF9 /* majorRequirement.cpp in Sources */,
				00707B4B174321D1000F5AF9 /* specialRequirement.cpp in Sources */,
				00707B4C174321D1000F5AF9 /* student.cpp in Sources */,
				00707B4F174323C8000F5AF9 /* requirement.cpp in Sources */,
				000B425017441562002F1EBD /* gened.cpp in Sources */,
			);
			runOnlyForDeploymentPostprocessing = 0;
		};
/* End PBXSourcesBuildPhase section */

/* Begin XCBuildConfiguration section */
		002F5D6E17431CDE00A4D0A0 /* Debug */ = {
			isa = XCBuildConfiguration;
			buildSettings = {
				ALWAYS_SEARCH_USER_PATHS = NO;
				ARCHS = "$(ARCHS_STANDARD_64_BIT)";
				CLANG_CXX_LANGUAGE_STANDARD = "gnu++0x";
				CLANG_CXX_LIBRARY = "libc++";
				CLANG_WARN_CONSTANT_CONVERSION = YES;
				CLANG_WARN_EMPTY_BODY = YES;
				CLANG_WARN_ENUM_CONVERSION = YES;
				CLANG_WARN_INT_CONVERSION = YES;
				CLANG_WARN__DUPLICATE_METHOD_MATCH = YES;
				COPY_PHASE_STRIP = NO;
				GCC_C_LANGUAGE_STANDARD = gnu99;
				GCC_DYNAMIC_NO_PIC = NO;
				GCC_ENABLE_OBJC_EXCEPTIONS = YES;
				GCC_OPTIMIZATION_LEVEL = 0;
				GCC_PREPROCESSOR_DEFINITIONS = (
					"DEBUG=1",
					"$(inherited)",
				);
				GCC_SYMBOLS_PRIVATE_EXTERN = NO;
				GCC_WARN_64_TO_32_BIT_CONVERSION = YES;
				GCC_WARN_ABOUT_RETURN_TYPE = YES;
				GCC_WARN_UNINITIALIZED_AUTOS = YES;
				GCC_WARN_UNUSED_VARIABLE = YES;
				MACOSX_DEPLOYMENT_TARGET = 10.8;
				ONLY_ACTIVE_ARCH = YES;
				SDKROOT = macosx;
			};
			name = Debug;
		};
		002F5D6F17431CDE00A4D0A0 /* Release */ = {
			isa = XCBuildConfiguration;
			buildSettings = {
				ALWAYS_SEARCH_USER_PATHS = NO;
				ARCHS = "$(ARCHS_STANDARD_64_BIT)";
				CLANG_CXX_LANGUAGE_STANDARD = "gnu++0x";
				CLANG_CXX_LIBRARY = "libc++";
				CLANG_WARN_CONSTANT_CONVERSION = YES;
				CLANG_WARN_EMPTY_BODY = YES;
				CLANG_WARN_ENUM_CONVERSION = YES;
				CLANG_WARN_INT_CONVERSION = YES;
				CLANG_WARN__DUPLICATE_METHOD_MATCH = YES;
				COPY_PHASE_STRIP = YES;
				DEBUG_INFORMATION_FORMAT = "dwarf-with-dsym";
				GCC_C_LANGUAGE_STANDARD = gnu99;
				GCC_ENABLE_OBJC_EXCEPTIONS = YES;
				GCC_WARN_64_TO_32_BIT_CONVERSION = YES;
				GCC_WARN_ABOUT_RETURN_TYPE = YES;
				GCC_WARN_UNINITIALIZED_AUTOS = YES;
				GCC_WARN_UNUSED_VARIABLE = YES;
				MACOSX_DEPLOYMENT_TARGET = 10.8;
				SDKROOT = macosx;
			};
			name = Release;
		};
		002F5D7117431CDE00A4D0A0 /* Debug */ = {
			isa = XCBuildConfiguration;
			buildSettings = {
				DEBUGGING_SYMBOLS = YES;
				GCC_GENERATE_DEBUGGING_SYMBOLS = YES;
				GCC_OPTIMIZATION_LEVEL = 0;
				OTHER_CFLAGS = "";
				OTHER_LDFLAGS = "";
				PRODUCT_NAME = "$(TARGET_NAME)";
			};
			name = Debug;
		};
		002F5D7217431CDE00A4D0A0 /* Release */ = {
			isa = XCBuildConfiguration;
			buildSettings = {
				OTHER_CFLAGS = "";
				OTHER_LDFLAGS = "";
				PRODUCT_NAME = "$(TARGET_NAME)";
			};
			name = Release;
		};
		00707B2217431D5A000F5AF9 /* Debug */ = {
			isa = XCBuildConfiguration;
			buildSettings = {
				GCC_WARN_64_TO_32_BIT_CONVERSION = NO;
				PRODUCT_NAME = "$(TARGET_NAME)";
			};
			name = Debug;
		};
		00707B2317431D5A000F5AF9 /* Release */ = {
			isa = XCBuildConfiguration;
			buildSettings = {
				GCC_WARN_64_TO_32_BIT_CONVERSION = NO;
				PRODUCT_NAME = "$(TARGET_NAME)";
			};
			name = Release;
		};
/* End XCBuildConfiguration section */

/* Begin XCConfigurationList section */
		002F5D6C17431CDE00A4D0A0 /* Build configuration list for PBXProject "gobbldygook" */ = {
			isa = XCConfigurationList;
			buildConfigurations = (
				002F5D6E17431CDE00A4D0A0 /* Debug */,
				002F5D6F17431CDE00A4D0A0 /* Release */,
			);
			defaultConfigurationIsVisible = 0;
			defaultConfigurationName = Release;
		};
		002F5D7017431CDE00A4D0A0 /* Build configuration list for PBXLegacyTarget "gobbldygook" */ = {
			isa = XCConfigurationList;
			buildConfigurations = (
				002F5D7117431CDE00A4D0A0 /* Debug */,
				002F5D7217431CDE00A4D0A0 /* Release */,
			);
			defaultConfigurationIsVisible = 0;
			defaultConfigurationName = Release;
		};
		00707B2117431D5A000F5AF9 /* Build configuration list for PBXNativeTarget "nomake" */ = {
			isa = XCConfigurationList;
			buildConfigurations = (
				00707B2217431D5A000F5AF9 /* Debug */,
				00707B2317431D5A000F5AF9 /* Release */,
			);
			defaultConfigurationIsVisible = 0;
			defaultConfigurationName = Release;
		};
/* End XCConfigurationList section */
	};
	rootObject = 002F5D6917431CDE00A4D0A0 /* Project object */;
}
